
Microsoft Visual Studio Solution File, Format Version 12.00
# Visual Studio Version 17
VisualStudioVersion = 17.4.33403.182
MinimumVisualStudioVersion = 10.0.40219.1
Project("{FAE04EC0-301F-11D3-BF4B-00C04F79EFBC}") = "DBFirst", "DBFirst\DBFirst.csproj", "{81951D3F-940A-451A-9E3E-CE08AE5EF6AD}"
EndProject
Project("{FAE04EC0-301F-11D3-BF4B-00C04F79EFBC}") = "CodeFirst", "CodeFirst\CodeFirst.csproj", "{35F9DDBB-825B-4BE9-BFA5-79DBFF3B3538}"
EndProject
Project("{FAE04EC0-301F-11D3-BF4B-00C04F79EFBC}") = "WebApplication", "WebApplication\WebApplication.csproj", "{276C14F7-56C2-461A-A65B-9DECB4F7CDDE}"
EndProject
Global
	GlobalSection(SolutionConfigurationPlatforms) = preSolution
		Debug|Any CPU = Debug|Any CPU
		Release|Any CPU = Release|Any CPU
	EndGlobalSection
	GlobalSection(ProjectConfigurationPlatforms) = postSolution
		{81951D3F-940A-451A-9E3E-CE08AE5EF6AD}.Debug|Any CPU.ActiveCfg = Debug|Any CPU
		{81951D3F-940A-451A-9E3E-CE08AE5EF6AD}.Debug|Any CPU.Build.0 = Debug|Any CPU
		{81951D3F-940A-451A-9E3E-CE08AE5EF6AD}.Release|Any CPU.ActiveCfg = Release|Any CPU
		{81951D3F-940A-451A-9E3E-CE08AE5EF6AD}.Release|Any CPU.Build.0 = Release|Any CPU
		{35F9DDBB-825B-4BE9-BFA5-79DBFF3B3538}.Debug|Any CPU.ActiveCfg = Debug|Any CPU
		{35F9DDBB-825B-4BE9-BFA5-79DBFF3B3538}.Debug|Any CPU.Build.0 = Debug|Any CPU
		{35F9DDBB-825B-4BE9-BFA5-79DBFF3B3538}.Release|Any CPU.ActiveCfg = Release|Any CPU
		{35F9DDBB-825B-4BE9-BFA5-79DBFF3B3538}.Release|Any CPU.Build.0 = Release|Any CPU
		{276C14F7-56C2-461A-A65B-9DECB4F7CDDE}.Debug|Any CPU.ActiveCfg = Debug|Any CPU
		{276C14F7-56C2-461A-A65B-9DECB4F7CDDE}.Debug|Any CPU.Build.0 = Debug|Any CPU
		{276C14F7-56C2-461A-A65B-9DECB4F7CDDE}.Release|Any CPU.ActiveCfg = Release|Any CPU
		{276C14F7-56C2-461A-A65B-9DECB4F7CDDE}.Release|Any CPU.Build.0 = Release|Any CPU
	EndGlobalSection
	GlobalSection(SolutionProperties) = preSolution
		HideSolutionNode = FALSE
	EndGlobalSection
	GlobalSection(ExtensibilityGlobals) = postSolution
		SolutionGuid = {0C16F5A8-E166-43BB-9830-2D369D0C8B84}
	EndGlobalSection
EndGlobal
