
Microsoft Visual Studio Solution File, Format Version 12.00
# Visual Studio Version 17
VisualStudioVersion = 17.4.33213.308
MinimumVisualStudioVersion = 10.0.40219.1
Project("{FAE04EC0-301F-11D3-BF4B-00C04F79EFBC}") = "DentalPaymentForm", "DentalPaymentForm\DentalPaymentForm.csproj", "{B4FF145C-F609-408B-8E96-B486DE98CF94}"
EndProject
Global
	GlobalSection(SolutionConfigurationPlatforms) = preSolution
		Debug|Any CPU = Debug|Any CPU
		Release|Any CPU = Release|Any CPU
	EndGlobalSection
	GlobalSection(ProjectConfigurationPlatforms) = postSolution
		{B4FF145C-F609-408B-8E96-B486DE98CF94}.Debug|Any CPU.ActiveCfg = Debug|Any CPU
		{B4FF145C-F609-408B-8E96-B486DE98CF94}.Debug|Any CPU.Build.0 = Debug|Any CPU
		{B4FF145C-F609-408B-8E96-B486DE98CF94}.Release|Any CPU.ActiveCfg = Release|Any CPU
		{B4FF145C-F609-408B-8E96-B486DE98CF94}.Release|Any CPU.Build.0 = Release|Any CPU
	EndGlobalSection
	GlobalSection(SolutionProperties) = preSolution
		HideSolutionNode = FALSE
	EndGlobalSection
	GlobalSection(ExtensibilityGlobals) = postSolution
		SolutionGuid = {6741FFDC-F05F-4675-BF9C-F6D1C7079609}
	EndGlobalSection
EndGlobal
